PODS:
  - Flutter (1.0.0)
  - integration_test (0.0.1):
    - Flutter
  - uae_pass (0.0.1):
    - Flutter

DEPENDENCIES:
  - Flutter (from `Flutter`)
  - integration_test (from `.symlinks/plugins/integration_test/ios`)
  - uae_pass (from `.symlinks/plugins/uae_pass/ios`)

EXTERNAL SOURCES:
  Flutter:
    :path: Flutter
  integration_test:
    :path: ".symlinks/plugins/integration_test/ios"
  uae_pass:
    :path: ".symlinks/plugins/uae_pass/ios"

SPEC CHECKSUMS:
  Flutter: f04841e97a9d0b0a8025694d0796dd46242b2854
  integration_test: 13825b8a9334a850581300559b8839134b124670
  uae_pass: 88bfe4d44a651f2ef1cb5e4f7d3ef36fa065e327

PODFILE CHECKSUM: 6b9eb94e9f98a329f2ef624b852a6e42d090af2b

COCOAPODS: 1.12.0
