PODS:
  - Flutter (1.0.0)
  - integration_test (0.0.1):
    - Flutter
  - uae_pass (0.0.1):
    - Flutter

DEPENDENCIES:
  - Flutter (from `Flutter`)
  - integration_test (from `.symlinks/plugins/integration_test/ios`)
  - uae_pass (from `.symlinks/plugins/uae_pass/ios`)

EXTERNAL SOURCES:
  Flutter:
    :path: Flutter
  integration_test:
    :path: ".symlinks/plugins/integration_test/ios"
  uae_pass:
    :path: ".symlinks/plugins/uae_pass/ios"

SPEC CHECKSUMS:
  Flutter: f04841e97a9d0b0a8025694d0796dd46242b2854
  integration_test: 13825b8a9334a850581300559b8839134b124670
  uae_pass: 8c4e2f4c3f2790a698d93c867c173574078b78bf

PODFILE CHECKSUM: 70d9d25280d0dd177a5f637cdb0f0b0b12c6a189

COCOAPODS: 1.12.0
